
Microsoft Visual Studio Solution File, Format Version 12.00
# Visual Studio Version 17
VisualStudioVersion = 17.12.35707.178
MinimumVisualStudioVersion = 10.0.40219.1
Project("{FAE04EC0-301F-11D3-BF4B-00C04F79EFBC}") = "Sdl.Web.Mvc", "Sdl.Web.Mvc.csproj", "{923B2009-9A0B-4425-88A5-BF7AF25C8F8B}"
EndProject
Global
	GlobalSection(SolutionConfigurationPlatforms) = preSolution
		Debug|Any CPU = Debug|Any CPU
		Release|Any CPU = Release|Any CPU
	EndGlobalSection
	GlobalSection(ProjectConfigurationPlatforms) = postSolution
		{923B2009-9A0B-4425-88A5-BF7AF25C8F8B}.Debug|Any CPU.ActiveCfg = Debug|Any CPU
		{923B2009-9A0B-4425-88A5-BF7AF25C8F8B}.Debug|Any CPU.Build.0 = Debug|Any CPU
		{923B2009-9A0B-4425-88A5-BF7AF25C8F8B}.Release|Any CPU.ActiveCfg = Release|Any CPU
		{923B2009-9A0B-4425-88A5-BF7AF25C8F8B}.Release|Any CPU.Build.0 = Release|Any CPU
	EndGlobalSection
	GlobalSection(SolutionProperties) = preSolution
		HideSolutionNode = FALSE
	EndGlobalSection
EndGlobal
